
Microsoft Visual Studio Solution File, Format Version 12.00
# Visual Studio Version 17
VisualStudioVersion = 17.9.34728.123
MinimumVisualStudioVersion = 10.0.40219.1
Project("{9A19103F-16F7-4668-BE54-9A1E7A4F7556}") = "ProjectTirAuthorizationMicroservice.API", "ProjectTirAuthorizationMicroservice.API\ProjectTirAuthorizationMicroservice.API.csproj", "{7148042D-0DE2-4FC0-84A1-999FE2738530}"
EndProject
Project("{9A19103F-16F7-4668-BE54-9A1E7A4F7556}") = "ProjectTirAuthorizationMicroservice.Application", "ProjectTirAuthorizationMicroservice.Application\ProjectTirAuthorizationMicroservice.Application.csproj", "{7D0F0F48-DE70-4714-B448-6A177F736C05}"
EndProject
Project("{9A19103F-16F7-4668-BE54-9A1E7A4F7556}") = "ProjectTirAuthorizationMicroservice.Core", "ProjectTirAuthorizationMicroservice.Core\ProjectTirAuthorizationMicroservice.Core.csproj", "{1F6EA592-0E1A-47CE-8233-2A8B2E3122DF}"
EndProject
Project("{9A19103F-16F7-4668-BE54-9A1E7A4F7556}") = "ProjectTirAuthorizationMicroservice.Database", "ProjectTirAuthorizationMicroservice.Database\ProjectTirAuthorizationMicroservice.Database.csproj", "{F3A1D74B-DA8A-43B6-99DB-A2D3B0D99136}"
EndProject
Project("{9A19103F-16F7-4668-BE54-9A1E7A4F7556}") = "ProjectTirAuthorizationMicroservice.Infrastructure", "ProjectTirAuthorizationMicroservice.Infrastructure\ProjectTirAuthorizationMicroservice.Infrastructure.csproj", "{E62ABF87-827F-4D2B-A788-CFFB17894F13}"
EndProject
Global
	GlobalSection(SolutionConfigurationPlatforms) = preSolution
		Debug|Any CPU = Debug|Any CPU
		Release|Any CPU = Release|Any CPU
	EndGlobalSection
	GlobalSection(ProjectConfigurationPlatforms) = postSolution
		{7148042D-0DE2-4FC0-84A1-999FE2738530}.Debug|Any CPU.ActiveCfg = Debug|Any CPU
		{7148042D-0DE2-4FC0-84A1-999FE2738530}.Debug|Any CPU.Build.0 = Debug|Any CPU
		{7148042D-0DE2-4FC0-84A1-999FE2738530}.Release|Any CPU.ActiveCfg = Release|Any CPU
		{7148042D-0DE2-4FC0-84A1-999FE2738530}.Release|Any CPU.Build.0 = Release|Any CPU
		{7D0F0F48-DE70-4714-B448-6A177F736C05}.Debug|Any CPU.ActiveCfg = Debug|Any CPU
		{7D0F0F48-DE70-4714-B448-6A177F736C05}.Debug|Any CPU.Build.0 = Debug|Any CPU
		{7D0F0F48-DE70-4714-B448-6A177F736C05}.Release|Any CPU.ActiveCfg = Release|Any CPU
		{7D0F0F48-DE70-4714-B448-6A177F736C05}.Release|Any CPU.Build.0 = Release|Any CPU
		{1F6EA592-0E1A-47CE-8233-2A8B2E3122DF}.Debug|Any CPU.ActiveCfg = Debug|Any CPU
		{1F6EA592-0E1A-47CE-8233-2A8B2E3122DF}.Debug|Any CPU.Build.0 = Debug|Any CPU
		{1F6EA592-0E1A-47CE-8233-2A8B2E3122DF}.Release|Any CPU.ActiveCfg = Release|Any CPU
		{1F6EA592-0E1A-47CE-8233-2A8B2E3122DF}.Release|Any CPU.Build.0 = Release|Any CPU
		{F3A1D74B-DA8A-43B6-99DB-A2D3B0D99136}.Debug|Any CPU.ActiveCfg = Debug|Any CPU
		{F3A1D74B-DA8A-43B6-99DB-A2D3B0D99136}.Debug|Any CPU.Build.0 = Debug|Any CPU
		{F3A1D74B-DA8A-43B6-99DB-A2D3B0D99136}.Release|Any CPU.ActiveCfg = Release|Any CPU
		{F3A1D74B-DA8A-43B6-99DB-A2D3B0D99136}.Release|Any CPU.Build.0 = Release|Any CPU
		{E62ABF87-827F-4D2B-A788-CFFB17894F13}.Debug|Any CPU.ActiveCfg = Debug|Any CPU
		{E62ABF87-827F-4D2B-A788-CFFB17894F13}.Debug|Any CPU.Build.0 = Debug|Any CPU
		{E62ABF87-827F-4D2B-A788-CFFB17894F13}.Release|Any CPU.ActiveCfg = Release|Any CPU
		{E62ABF87-827F-4D2B-A788-CFFB17894F13}.Release|Any CPU.Build.0 = Release|Any CPU
	EndGlobalSection
	GlobalSection(SolutionProperties) = preSolution
		HideSolutionNode = FALSE
	EndGlobalSection
	GlobalSection(ExtensibilityGlobals) = postSolution
		SolutionGuid = {EB773AC9-1B67-41A6-B629-24D6A47710B0}
	EndGlobalSection
EndGlobal
